
Microsoft Visual Studio Solution File, Format Version 12.00
# Visual Studio Version 17
VisualStudioVersion = 17.14.36202.13 d17.14
MinimumVisualStudioVersion = 10.0.40219.1
Project("{FAE04EC0-301F-11D3-BF4B-00C04F79EFBC}") = "Project_TextRPG", "Project_TextRPG\Project_TextRPG.csproj", "{FB2B7343-233C-42F5-867C-879B376D954D}"
EndProject
Global
	GlobalSection(SolutionConfigurationPlatforms) = preSolution
		Debug|Any CPU = Debug|Any CPU
		Release|Any CPU = Release|Any CPU
	EndGlobalSection
	GlobalSection(ProjectConfigurationPlatforms) = postSolution
		{FB2B7343-233C-42F5-867C-879B376D954D}.Debug|Any CPU.ActiveCfg = Debug|Any CPU
		{FB2B7343-233C-42F5-867C-879B376D954D}.Debug|Any CPU.Build.0 = Debug|Any CPU
		{FB2B7343-233C-42F5-867C-879B376D954D}.Release|Any CPU.ActiveCfg = Release|Any CPU
		{FB2B7343-233C-42F5-867C-879B376D954D}.Release|Any CPU.Build.0 = Release|Any CPU
	EndGlobalSection
	GlobalSection(SolutionProperties) = preSolution
		HideSolutionNode = FALSE
	EndGlobalSection
	GlobalSection(ExtensibilityGlobals) = postSolution
		SolutionGuid = {A693CA72-2708-47F2-B152-AEC9A0A67B9A}
	EndGlobalSection
EndGlobal
